
Microsoft Visual Studio Solution File, Format Version 12.00
# Visual Studio 2013
VisualStudioVersion = 12.0.30501.0
MinimumVisualStudioVersion = 10.0.40219.1
Project("{FAE04EC0-301F-11D3-BF4B-00C04F79EFBC}") = "Auction.Web", "Auction.Web\Auction.Web.csproj", "{4351E562-C715-4996-893A-7F48CF0FB3D0}"
EndProject
Project("{FAE04EC0-301F-11D3-BF4B-00C04F79EFBC}") = "Auction.DAL", "Auction.DAL\Auction.DAL.csproj", "{4A1B95EF-445A-46B1-9A2A-FFF953CD5B3B}"
EndProject
Project("{FAE04EC0-301F-11D3-BF4B-00C04F79EFBC}") = "Auction.UOW", "Auction.Repositories\Auction.UOW.csproj", "{73114209-ED21-4E94-9DDA-F07C6D4834F9}"
EndProject
Project("{FAE04EC0-301F-11D3-BF4B-00C04F79EFBC}") = "Auction.Domain", "Auction.Domain\Auction.Domain.csproj", "{FD1E42C4-DD7C-4110-B76A-BEE9C976FD89}"
EndProject
Project("{2150E333-8FDC-42A3-9474-1A3956D46DE8}") = ".nuget", ".nuget", "{CF61F43C-BA15-460A-B854-B458C2644A85}"
	ProjectSection(SolutionItems) = preProject
		.nuget\NuGet.Config = .nuget\NuGet.Config
		.nuget\NuGet.exe = .nuget\NuGet.exe
		.nuget\NuGet.targets = .nuget\NuGet.targets
	EndProjectSection
EndProject
Project("{FAE04EC0-301F-11D3-BF4B-00C04F79EFBC}") = "Auction.Services", "Auction.Services\Auction.Services.csproj", "{D1FC5C81-21B0-4D36-AA51-DC83BD8A6214}"
EndProject
Global
	GlobalSection(SolutionConfigurationPlatforms) = preSolution
		Debug|Any CPU = Debug|Any CPU
		Release|Any CPU = Release|Any CPU
	EndGlobalSection
	GlobalSection(ProjectConfigurationPlatforms) = postSolution
		{4351E562-C715-4996-893A-7F48CF0FB3D0}.Debug|Any CPU.ActiveCfg = Debug|Any CPU
		{4351E562-C715-4996-893A-7F48CF0FB3D0}.Debug|Any CPU.Build.0 = Debug|Any CPU
		{4351E562-C715-4996-893A-7F48CF0FB3D0}.Release|Any CPU.ActiveCfg = Release|Any CPU
		{4351E562-C715-4996-893A-7F48CF0FB3D0}.Release|Any CPU.Build.0 = Release|Any CPU
		{4A1B95EF-445A-46B1-9A2A-FFF953CD5B3B}.Debug|Any CPU.ActiveCfg = Debug|Any CPU
		{4A1B95EF-445A-46B1-9A2A-FFF953CD5B3B}.Debug|Any CPU.Build.0 = Debug|Any CPU
		{4A1B95EF-445A-46B1-9A2A-FFF953CD5B3B}.Release|Any CPU.ActiveCfg = Release|Any CPU
		{4A1B95EF-445A-46B1-9A2A-FFF953CD5B3B}.Release|Any CPU.Build.0 = Release|Any CPU
		{73114209-ED21-4E94-9DDA-F07C6D4834F9}.Debug|Any CPU.ActiveCfg = Debug|Any CPU
		{73114209-ED21-4E94-9DDA-F07C6D4834F9}.Debug|Any CPU.Build.0 = Debug|Any CPU
		{73114209-ED21-4E94-9DDA-F07C6D4834F9}.Release|Any CPU.ActiveCfg = Release|Any CPU
		{73114209-ED21-4E94-9DDA-F07C6D4834F9}.Release|Any CPU.Build.0 = Release|Any CPU
		{FD1E42C4-DD7C-4110-B76A-BEE9C976FD89}.Debug|Any CPU.ActiveCfg = Debug|Any CPU
		{FD1E42C4-DD7C-4110-B76A-BEE9C976FD89}.Debug|Any CPU.Build.0 = Debug|Any CPU
		{FD1E42C4-DD7C-4110-B76A-BEE9C976FD89}.Release|Any CPU.ActiveCfg = Release|Any CPU
		{FD1E42C4-DD7C-4110-B76A-BEE9C976FD89}.Release|Any CPU.Build.0 = Release|Any CPU
		{D1FC5C81-21B0-4D36-AA51-DC83BD8A6214}.Debug|Any CPU.ActiveCfg = Debug|Any CPU
		{D1FC5C81-21B0-4D36-AA51-DC83BD8A6214}.Debug|Any CPU.Build.0 = Debug|Any CPU
		{D1FC5C81-21B0-4D36-AA51-DC83BD8A6214}.Release|Any CPU.ActiveCfg = Release|Any CPU
		{D1FC5C81-21B0-4D36-AA51-DC83BD8A6214}.Release|Any CPU.Build.0 = Release|Any CPU
	EndGlobalSection
	GlobalSection(SolutionProperties) = preSolution
		HideSolutionNode = FALSE
	EndGlobalSection
EndGlobal
